
Microsoft Visual Studio Solution File, Format Version 12.00
# Visual Studio Version 17
VisualStudioVersion = 17.5.33424.131
MinimumVisualStudioVersion = 10.0.40219.1
Project("{888888A0-9F3D-457C-B088-3A5042F75D52}") = "Python1", "Python1\Python1.pyproj", "{2B0312B6-7AB4-4965-8DA4-20F871EFE654}"
EndProject
Project("{8BC9CEB8-8B4A-11D0-8D11-00A0C91BC942}") = "Cpp1", "Cpp1\Cpp1.vcxproj", "{029DADA9-4C29-453D-A6A3-A99D06E9642A}"
EndProject
Project("{8BC9CEB8-8B4A-11D0-8D11-00A0C91BC942}") = "Cpp2", "Cpp2\Cpp2.vcxproj", "{FAE55598-29EA-4159-9463-DA47650931B1}"
EndProject
Project("{888888A0-9F3D-457C-B088-3A5042F75D52}") = "Python2", "Python2\Python2.pyproj", "{BBDEFA0A-DC19-485F-875B-110717B32359}"
EndProject
Global
	GlobalSection(SolutionConfigurationPlatforms) = preSolution
		Debug|Any CPU = Debug|Any CPU
		Debug|x64 = Debug|x64
		Debug|x86 = Debug|x86
		Release|Any CPU = Release|Any CPU
		Release|x64 = Release|x64
		Release|x86 = Release|x86
	EndGlobalSection
	GlobalSection(ProjectConfigurationPlatforms) = postSolution
		{2B0312B6-7AB4-4965-8DA4-20F871EFE654}.Debug|Any CPU.ActiveCfg = Debug|Any CPU
		{2B0312B6-7AB4-4965-8DA4-20F871EFE654}.Debug|x64.ActiveCfg = Debug|Any CPU
		{2B0312B6-7AB4-4965-8DA4-20F871EFE654}.Debug|x86.ActiveCfg = Debug|Any CPU
		{2B0312B6-7AB4-4965-8DA4-20F871EFE654}.Release|Any CPU.ActiveCfg = Release|Any CPU
		{2B0312B6-7AB4-4965-8DA4-20F871EFE654}.Release|x64.ActiveCfg = Release|Any CPU
		{2B0312B6-7AB4-4965-8DA4-20F871EFE654}.Release|x86.ActiveCfg = Release|Any CPU
		{029DADA9-4C29-453D-A6A3-A99D06E9642A}.Debug|Any CPU.ActiveCfg = Debug|x64
		{029DADA9-4C29-453D-A6A3-A99D06E9642A}.Debug|Any CPU.Build.0 = Debug|x64
		{029DADA9-4C29-453D-A6A3-A99D06E9642A}.Debug|x64.ActiveCfg = Debug|x64
		{029DADA9-4C29-453D-A6A3-A99D06E9642A}.Debug|x64.Build.0 = Debug|x64
		{029DADA9-4C29-453D-A6A3-A99D06E9642A}.Debug|x86.ActiveCfg = Debug|Win32
		{029DADA9-4C29-453D-A6A3-A99D06E9642A}.Debug|x86.Build.0 = Debug|Win32
		{029DADA9-4C29-453D-A6A3-A99D06E9642A}.Release|Any CPU.ActiveCfg = Release|x64
		{029DADA9-4C29-453D-A6A3-A99D06E9642A}.Release|Any CPU.Build.0 = Release|x64
		{029DADA9-4C29-453D-A6A3-A99D06E9642A}.Release|x64.ActiveCfg = Release|x64
		{029DADA9-4C29-453D-A6A3-A99D06E9642A}.Release|x64.Build.0 = Release|x64
		{029DADA9-4C29-453D-A6A3-A99D06E9642A}.Release|x86.ActiveCfg = Release|Win32
		{029DADA9-4C29-453D-A6A3-A99D06E9642A}.Release|x86.Build.0 = Release|Win32
		{FAE55598-29EA-4159-9463-DA47650931B1}.Debug|Any CPU.ActiveCfg = Debug|x64
		{FAE55598-29EA-4159-9463-DA47650931B1}.Debug|Any CPU.Build.0 = Debug|x64
		{FAE55598-29EA-4159-9463-DA47650931B1}.Debug|x64.ActiveCfg = Debug|x64
		{FAE55598-29EA-4159-9463-DA47650931B1}.Debug|x64.Build.0 = Debug|x64
		{FAE55598-29EA-4159-9463-DA47650931B1}.Debug|x86.ActiveCfg = Debug|Win32
		{FAE55598-29EA-4159-9463-DA47650931B1}.Debug|x86.Build.0 = Debug|Win32
		{FAE55598-29EA-4159-9463-DA47650931B1}.Release|Any CPU.ActiveCfg = Release|x64
		{FAE55598-29EA-4159-9463-DA47650931B1}.Release|Any CPU.Build.0 = Release|x64
		{FAE55598-29EA-4159-9463-DA47650931B1}.Release|x64.ActiveCfg = Release|x64
		{FAE55598-29EA-4159-9463-DA47650931B1}.Release|x64.Build.0 = Release|x64
		{FAE55598-29EA-4159-9463-DA47650931B1}.Release|x86.ActiveCfg = Release|Win32
		{FAE55598-29EA-4159-9463-DA47650931B1}.Release|x86.Build.0 = Release|Win32
		{BBDEFA0A-DC19-485F-875B-110717B32359}.Debug|Any CPU.ActiveCfg = Debug|Any CPU
		{BBDEFA0A-DC19-485F-875B-110717B32359}.Debug|x64.ActiveCfg = Debug|Any CPU
		{BBDEFA0A-DC19-485F-875B-110717B32359}.Debug|x86.ActiveCfg = Debug|Any CPU
		{BBDEFA0A-DC19-485F-875B-110717B32359}.Release|Any CPU.ActiveCfg = Release|Any CPU
		{BBDEFA0A-DC19-485F-875B-110717B32359}.Release|x64.ActiveCfg = Release|Any CPU
		{BBDEFA0A-DC19-485F-875B-110717B32359}.Release|x86.ActiveCfg = Release|Any CPU
	EndGlobalSection
	GlobalSection(SolutionProperties) = preSolution
		HideSolutionNode = FALSE
	EndGlobalSection
	GlobalSection(ExtensibilityGlobals) = postSolution
		SolutionGuid = {07E38D1B-1007-422C-B3FA-75B638CE5658}
	EndGlobalSection
EndGlobal
